{
  "name": "fn",
  "version": "1.0.0",
  "lockfileVersion": 1,
  "requires": true,
  "dependencies": {
    "fs-readfile-promise": {
      "version": "3.0.1",
      "resolved": "https://registry.npm.taobao.org/fs-readfile-promise/download/fs-readfile-promise-3.0.1.tgz",
      "integrity": "sha1-0NMHt/au38kgwx+m5XEu+qKXyVg=",
      "dev": true,
      "requires": {
        "graceful-fs": "^4.1.11"
      }
    },
    "graceful-fs": {
      "version": "4.2.0",
      "resolved": "https://registry.npm.taobao.org/graceful-fs/download/graceful-fs-4.2.0.tgz",
      "integrity": "sha1-jY/cc5d8sEEEchy1NmbBymTNMos=",
      "dev": true
    },
    "node-fetch": {
      "version": "2.6.0",
      "resolved": "https://registry.npm.taobao.org/node-fetch/download/node-fetch-2.6.0.tgz",
      "integrity": "sha1-5jNFY4bUqlWGP2dqerDaqP3ssP0=",
      "dev": true
    }
  }
}
